
Microsoft Visual Studio Solution File, Format Version 12.00
# Visual Studio Version 17
VisualStudioVersion = 17.4.33403.182
MinimumVisualStudioVersion = 10.0.40219.1
Project("{9A19103F-16F7-4668-BE54-9A1E7A4F7556}") = "AdventOfCode", "src\AdventOfCode.csproj", "{375ED2CB-0049-4433-83B0-68422BC2A491}"
EndProject
Global
	GlobalSection(SolutionConfigurationPlatforms) = preSolution
		Debug|Any CPU = Debug|Any CPU
		Release|Any CPU = Release|Any CPU
	EndGlobalSection
	GlobalSection(ProjectConfigurationPlatforms) = postSolution
		{375ED2CB-0049-4433-83B0-68422BC2A491}.Debug|Any CPU.ActiveCfg = Debug|Any CPU
		{375ED2CB-0049-4433-83B0-68422BC2A491}.Debug|Any CPU.Build.0 = Debug|Any CPU
		{375ED2CB-0049-4433-83B0-68422BC2A491}.Release|Any CPU.ActiveCfg = Release|Any CPU
		{375ED2CB-0049-4433-83B0-68422BC2A491}.Release|Any CPU.Build.0 = Release|Any CPU
	EndGlobalSection
	GlobalSection(SolutionProperties) = preSolution
		HideSolutionNode = FALSE
	EndGlobalSection
	GlobalSection(ExtensibilityGlobals) = postSolution
		SolutionGuid = {D0EFEB8D-B6DC-4805-A2E6-A87AC588C4FB}
	EndGlobalSection
EndGlobal
